
Microsoft Visual Studio Solution File, Format Version 12.00
# Visual Studio Version 17
VisualStudioVersion = 17.5.33414.496
MinimumVisualStudioVersion = 10.0.40219.1
Project("{FAE04EC0-301F-11D3-BF4B-00C04F79EFBC}") = "Layouts_App.Android", "Layouts_App.Android\Layouts_App.Android.csproj", "{4ED4BF90-7BFE-426B-A899-03AB81DF78A7}"
EndProject
Project("{FAE04EC0-301F-11D3-BF4B-00C04F79EFBC}") = "Layouts_App.iOS", "Layouts_App.iOS\Layouts_App.iOS.csproj", "{269EF681-34C8-4E9C-8BA5-883D260FEAB3}"
EndProject
Project("{FAE04EC0-301F-11D3-BF4B-00C04F79EFBC}") = "Layouts_App", "Layouts_App\Layouts_App.csproj", "{0D832C76-B83C-4E29-8369-E333956C7B59}"
EndProject
Global
	GlobalSection(SolutionConfigurationPlatforms) = preSolution
		Debug|Any CPU = Debug|Any CPU
		Debug|iPhone = Debug|iPhone
		Debug|iPhoneSimulator = Debug|iPhoneSimulator
		Release|Any CPU = Release|Any CPU
		Release|iPhone = Release|iPhone
		Release|iPhoneSimulator = Release|iPhoneSimulator
	EndGlobalSection
	GlobalSection(ProjectConfigurationPlatforms) = postSolution
		{4ED4BF90-7BFE-426B-A899-03AB81DF78A7}.Debug|Any CPU.ActiveCfg = Debug|Any CPU
		{4ED4BF90-7BFE-426B-A899-03AB81DF78A7}.Debug|Any CPU.Build.0 = Debug|Any CPU
		{4ED4BF90-7BFE-426B-A899-03AB81DF78A7}.Debug|Any CPU.Deploy.0 = Debug|Any CPU
		{4ED4BF90-7BFE-426B-A899-03AB81DF78A7}.Debug|iPhone.ActiveCfg = Debug|Any CPU
		{4ED4BF90-7BFE-426B-A899-03AB81DF78A7}.Debug|iPhone.Build.0 = Debug|Any CPU
		{4ED4BF90-7BFE-426B-A899-03AB81DF78A7}.Debug|iPhone.Deploy.0 = Debug|Any CPU
		{4ED4BF90-7BFE-426B-A899-03AB81DF78A7}.Debug|iPhoneSimulator.ActiveCfg = Debug|Any CPU
		{4ED4BF90-7BFE-426B-A899-03AB81DF78A7}.Debug|iPhoneSimulator.Build.0 = Debug|Any CPU
		{4ED4BF90-7BFE-426B-A899-03AB81DF78A7}.Debug|iPhoneSimulator.Deploy.0 = Debug|Any CPU
		{4ED4BF90-7BFE-426B-A899-03AB81DF78A7}.Release|Any CPU.ActiveCfg = Release|Any CPU
		{4ED4BF90-7BFE-426B-A899-03AB81DF78A7}.Release|Any CPU.Build.0 = Release|Any CPU
		{4ED4BF90-7BFE-426B-A899-03AB81DF78A7}.Release|Any CPU.Deploy.0 = Release|Any CPU
		{4ED4BF90-7BFE-426B-A899-03AB81DF78A7}.Release|iPhone.ActiveCfg = Release|Any CPU
		{4ED4BF90-7BFE-426B-A899-03AB81DF78A7}.Release|iPhone.Build.0 = Release|Any CPU
		{4ED4BF90-7BFE-426B-A899-03AB81DF78A7}.Release|iPhone.Deploy.0 = Release|Any CPU
		{4ED4BF90-7BFE-426B-A899-03AB81DF78A7}.Release|iPhoneSimulator.ActiveCfg = Release|Any CPU
		{4ED4BF90-7BFE-426B-A899-03AB81DF78A7}.Release|iPhoneSimulator.Build.0 = Release|Any CPU
		{4ED4BF90-7BFE-426B-A899-03AB81DF78A7}.Release|iPhoneSimulator.Deploy.0 = Release|Any CPU
		{269EF681-34C8-4E9C-8BA5-883D260FEAB3}.Debug|Any CPU.ActiveCfg = Debug|iPhone
		{269EF681-34C8-4E9C-8BA5-883D260FEAB3}.Debug|Any CPU.Build.0 = Debug|iPhone
		{269EF681-34C8-4E9C-8BA5-883D260FEAB3}.Debug|Any CPU.Deploy.0 = Debug|iPhone
		{269EF681-34C8-4E9C-8BA5-883D260FEAB3}.Debug|iPhone.ActiveCfg = Debug|iPhone
		{269EF681-34C8-4E9C-8BA5-883D260FEAB3}.Debug|iPhone.Build.0 = Debug|iPhone
		{269EF681-34C8-4E9C-8BA5-883D260FEAB3}.Debug|iPhone.Deploy.0 = Debug|iPhone
		{269EF681-34C8-4E9C-8BA5-883D260FEAB3}.Debug|iPhoneSimulator.ActiveCfg = Debug|iPhoneSimulator
		{269EF681-34C8-4E9C-8BA5-883D260FEAB3}.Debug|iPhoneSimulator.Build.0 = Debug|iPhoneSimulator
		{269EF681-34C8-4E9C-8BA5-883D260FEAB3}.Debug|iPhoneSimulator.Deploy.0 = Debug|iPhoneSimulator
		{269EF681-34C8-4E9C-8BA5-883D260FEAB3}.Release|Any CPU.ActiveCfg = Release|iPhoneSimulator
		{269EF681-34C8-4E9C-8BA5-883D260FEAB3}.Release|Any CPU.Build.0 = Release|iPhoneSimulator
		{269EF681-34C8-4E9C-8BA5-883D260FEAB3}.Release|Any CPU.Deploy.0 = Release|iPhoneSimulator
		{269EF681-34C8-4E9C-8BA5-883D260FEAB3}.Release|iPhone.ActiveCfg = Release|iPhone
		{269EF681-34C8-4E9C-8BA5-883D260FEAB3}.Release|iPhone.Build.0 = Release|iPhone
		{269EF681-34C8-4E9C-8BA5-883D260FEAB3}.Release|iPhone.Deploy.0 = Release|iPhone
		{269EF681-34C8-4E9C-8BA5-883D260FEAB3}.Release|iPhoneSimulator.ActiveCfg = Release|iPhoneSimulator
		{269EF681-34C8-4E9C-8BA5-883D260FEAB3}.Release|iPhoneSimulator.Build.0 = Release|iPhoneSimulator
		{269EF681-34C8-4E9C-8BA5-883D260FEAB3}.Release|iPhoneSimulator.Deploy.0 = Release|iPhoneSimulator
		{0D832C76-B83C-4E29-8369-E333956C7B59}.Debug|Any CPU.ActiveCfg = Debug|Any CPU
		{0D832C76-B83C-4E29-8369-E333956C7B59}.Debug|Any CPU.Build.0 = Debug|Any CPU
		{0D832C76-B83C-4E29-8369-E333956C7B59}.Debug|Any CPU.Deploy.0 = Debug|Any CPU
		{0D832C76-B83C-4E29-8369-E333956C7B59}.Debug|iPhone.ActiveCfg = Debug|Any CPU
		{0D832C76-B83C-4E29-8369-E333956C7B59}.Debug|iPhone.Build.0 = Debug|Any CPU
		{0D832C76-B83C-4E29-8369-E333956C7B59}.Debug|iPhone.Deploy.0 = Debug|Any CPU
		{0D832C76-B83C-4E29-8369-E333956C7B59}.Debug|iPhoneSimulator.ActiveCfg = Debug|Any CPU
		{0D832C76-B83C-4E29-8369-E333956C7B59}.Debug|iPhoneSimulator.Build.0 = Debug|Any CPU
		{0D832C76-B83C-4E29-8369-E333956C7B59}.Debug|iPhoneSimulator.Deploy.0 = Debug|Any CPU
		{0D832C76-B83C-4E29-8369-E333956C7B59}.Release|Any CPU.ActiveCfg = Release|Any CPU
		{0D832C76-B83C-4E29-8369-E333956C7B59}.Release|Any CPU.Build.0 = Release|Any CPU
		{0D832C76-B83C-4E29-8369-E333956C7B59}.Release|Any CPU.Deploy.0 = Release|Any CPU
		{0D832C76-B83C-4E29-8369-E333956C7B59}.Release|iPhone.ActiveCfg = Release|Any CPU
		{0D832C76-B83C-4E29-8369-E333956C7B59}.Release|iPhone.Build.0 = Release|Any CPU
		{0D832C76-B83C-4E29-8369-E333956C7B59}.Release|iPhone.Deploy.0 = Release|Any CPU
		{0D832C76-B83C-4E29-8369-E333956C7B59}.Release|iPhoneSimulator.ActiveCfg = Release|Any CPU
		{0D832C76-B83C-4E29-8369-E333956C7B59}.Release|iPhoneSimulator.Build.0 = Release|Any CPU
		{0D832C76-B83C-4E29-8369-E333956C7B59}.Release|iPhoneSimulator.Deploy.0 = Release|Any CPU
	EndGlobalSection
	GlobalSection(SolutionProperties) = preSolution
		HideSolutionNode = FALSE
	EndGlobalSection
	GlobalSection(ExtensibilityGlobals) = postSolution
		SolutionGuid = {512AA4AC-437D-414A-B56E-C81541E0D0A0}
	EndGlobalSection
EndGlobal
